
Microsoft Visual Studio Solution File, Format Version 12.00
# Visual Studio 14
VisualStudioVersion = 14.0.24720.0
MinimumVisualStudioVersion = 10.0.40219.1
Project("{FAE04EC0-301F-11D3-BF4B-00C04F79EFBC}") = "AOP_Tests", "AOP_Tests\AOP_Tests.csproj", "{A87D8160-6568-4541-8C26-0F3FEFFB1DE0}"
EndProject
Project("{FAE04EC0-301F-11D3-BF4B-00C04F79EFBC}") = "TestUI", "TestUI\TestUI.csproj", "{D6BF7AD1-8FAE-43CD-BEF4-FF2A50E4CBA7}"
EndProject
Global
	GlobalSection(SolutionConfigurationPlatforms) = preSolution
		Debug|Any CPU = Debug|Any CPU
		Release|Any CPU = Release|Any CPU
	EndGlobalSection
	GlobalSection(ProjectConfigurationPlatforms) = postSolution
		{A87D8160-6568-4541-8C26-0F3FEFFB1DE0}.Debug|Any CPU.ActiveCfg = Debug|Any CPU
		{A87D8160-6568-4541-8C26-0F3FEFFB1DE0}.Debug|Any CPU.Build.0 = Debug|Any CPU
		{A87D8160-6568-4541-8C26-0F3FEFFB1DE0}.Release|Any CPU.ActiveCfg = Release|Any CPU
		{A87D8160-6568-4541-8C26-0F3FEFFB1DE0}.Release|Any CPU.Build.0 = Release|Any CPU
		{D6BF7AD1-8FAE-43CD-BEF4-FF2A50E4CBA7}.Debug|Any CPU.ActiveCfg = Debug|Any CPU
		{D6BF7AD1-8FAE-43CD-BEF4-FF2A50E4CBA7}.Debug|Any CPU.Build.0 = Debug|Any CPU
		{D6BF7AD1-8FAE-43CD-BEF4-FF2A50E4CBA7}.Release|Any CPU.ActiveCfg = Release|Any CPU
		{D6BF7AD1-8FAE-43CD-BEF4-FF2A50E4CBA7}.Release|Any CPU.Build.0 = Release|Any CPU
	EndGlobalSection
	GlobalSection(SolutionProperties) = preSolution
		HideSolutionNode = FALSE
	EndGlobalSection
EndGlobal
